cloud.google.com/go v0.26.0/go.mod h1:aQUYkXzVsufM+DwF1aE+0xfcU+56JwCaLick0ClmMTw=
cloud.google.com/go v0.105.0 h1:DNtEKRBAAzeS4KyIory52wWHuClNaXJ5x1F7xa4q+5Y=
cloud.google.com/go v0.105.0/go.mod h1:PrLgOJNe5nfE9UMxKxgXj4mD3voiP+YQ6gdt6KMFOKM=
cloud.google.com/go/compute v1.12.1 h1:gKVJMEyqV5c/UnpzjjQbo3Rjvvqpr9B1DFSbJC4OXr0=
cloud.google.com/go/compute v1.12.1/go.mod h1:e8yNOBcBONZU1vJKCvCoDw/4JQsA0dpM4x/6PIIOocU=
cloud.google.com/go/compute/metadata v0.2.1 h1:efOwf5ymceDhK6PKMnnrTHP4pppY5L22mle96M1yP48=
cloud.google.com/go/compute/metadata v0.2.1/go.mod h1:jgHgmJd2RKBGzXqF5LR2EZMGxBkeanZ9wwa75XHJgOM=
cloud.google.com/go/firestore v1.9.0 h1:IBlRyxgGySXu5VuW0RgGFlTtLukSnNkpDiEOMkQkmpA=
cloud.google.com/go/firestore v1.9.0/go.mod h1:HMkjKHNTtRyZNiMzu7YAsLr9K3X2udY2AMwDaMEQiiE=
cloud.google.com/go/longrunning v0.3.0 h1:NjljC+FYPV3uh5/OwWT6pVU+doBqMg2x/rZlE+CamDs=
cloud.google.com/go/longrunning v0.3.0/go.mod h1:qth9Y41RRSUE69rDcOn6DdK3HfQfsUI0YSmW3iIlLJc=
github.com/BurntSushi/toml v0.3.1/go.mod h1:xHWCNGjB5oqiDr8zfno3MHue2Ht5sIBksp03qcyfWMU=
github.com/census-instrumentation/opencensus-proto v0.2.1/go.mod h1:f6KPmirojxKA12rnyqOA5BBL4O983OfeGPqjHWSTneU=
github.com/client9/misspell v0.3.4/go.mod h1:qj6jICC3Q7zFZvVWo7KLAzC3yx5G7kyvSDkc90ppPyw=
github.com/cncf/udpa/go v0.0.0-20191209042840-269d4d468f6f/go.mod h1:M8M6+tZqaGXZJjfX53e64911xZQV5JYwmTeXPW+k8Sc=
github.com/davecgh/go-spew v1.1.0/go.mod h1:J7Y8YcW2NihsgmVo/mv3lAwl/skON4iLHjSsI+c5H38=
github.com/davecgh/go-spew v1.1.1/go.mod h1:J7Y8YcW2NihsgmVo/mv3lAwl/skON4iLHjSsI+c5H38=
github.com/envoyproxy/go-control-plane v0.9.0/go.mod h1:YTl/9mNaCwkRvm6d1a2C3ymFceY/DCBVvsKhRF0iEA4=
github.com/envoyproxy/go-control-plane v0.9.1-0.20191026205805-5f8ba28d4473/go.mod h1:YTl/9mNaCwkRvm6d1a2C3ymFceY/DCBVvsKhRF0iEA4=
github.com/envoyproxy/go-control-plane v0.9.4/go.mod h1:6rpuAdCZL397s3pYoYcLgu1mIlRU8Am5FuJP05cCM98=
github.com/envoyproxy/protoc-gen-validate v0.1.0/go.mod h1:iSmxcyjqTsJpI2R4NaDN7+kN2VEUnK/pcBlmesArF7c=
github.com/go-chi/chi v1.5.4 h1:QHdzF2szwjqVV4wmByUnTcsbIg7UGaQ0tPF2t5GcAIs=
github.com/go-chi/chi v1.5.4/go.mod h1:uaf8YgoFazUOkPBG7fxPftUylNumIev9awIWOENIuEg=
github.com/machinebox/graphql v0.2.2 h1:dWKpJligYKhYKO5A2gvNhkJdQMNZeChZYyBbrZkBZfo=
github.com/machinebox/graphql v0.2.2/go.mod h1:F+kbVMHuwrQ5tYgU9JXlnskM8nOaFxCAEolaQybkjWA=
github.com/matryer/is v1.4.0 h1:sosSmIWwkYITGrxZ25ULNDeKiMNzFSr4V/eqBQP0PeE=
github.com/matryer/is v1.4.0/go.mod h1:8I/i5uYgLzgsgEloJE1U6xx5HkBQpAZvepWuujKwMRU=
github.com/pkg/errors v0.9.1 h1:FEBLx1zS214owpjy7qsBeixbURkuhQAwrK5UwLGTwt4=
github.com/pkg/errors v0.9.1/go.mod h1:bwawxfHBFNV+L2hUp1rHADufV3IMtnDRdf1r5NINEl0=
